
Microsoft Visual Studio Solution File, Format Version 12.00
# Visual Studio 15
VisualStudioVersion = 15.0.27703.2026
MinimumVisualStudioVersion = 10.0.40219.1
Project("{2150E333-8FDC-42A3-9474-1A3956D46DE8}") = "0 - Presentation", "0 - Presentation", "{55BBFA57-E24F-40CA-9C1D-1C5A11DEC6D6}"
EndProject
Project("{FAE04EC0-301F-11D3-BF4B-00C04F79EFBC}") = "CursoMVCAbril.UI.MVC", "src\CursoMVCAbril.UI.MVC\CursoMVCAbril.UI.MVC.csproj", "{A134ECE4-6DAA-43AD-99E1-1EC5A272FE4B}"
EndProject
Project("{2150E333-8FDC-42A3-9474-1A3956D46DE8}") = "1 - Services", "1 - Services", "{3E9FA33D-D343-44DB-889B-513878250C90}"
EndProject
Project("{2150E333-8FDC-42A3-9474-1A3956D46DE8}") = "2 - Application", "2 - Application", "{6F34F51D-2B86-4EE8-B3B9-FCBC7DED7B93}"
EndProject
Project("{2150E333-8FDC-42A3-9474-1A3956D46DE8}") = "4 - Infra", "4 - Infra", "{B669B9B1-C666-4B55-BEAB-503D89CD6942}"
EndProject
Project("{2150E333-8FDC-42A3-9474-1A3956D46DE8}") = "4.1 - Data", "4.1 - Data", "{93C0B2D4-39EA-4DDC-9465-B22790708352}"
EndProject
Project("{2150E333-8FDC-42A3-9474-1A3956D46DE8}") = "4.2 - CrossCuting", "4.2 - CrossCuting", "{607FD0FA-4B6C-4A18-9C1A-8A00895373AF}"
EndProject
Project("{FAE04EC0-301F-11D3-BF4B-00C04F79EFBC}") = "CursoMVCAbril.Infra.Data", "src\CursoMVCAbril.Infra.Data\CursoMVCAbril.Infra.Data.csproj", "{FFDF9B2E-FE8B-4295-8ED3-100FA5B3756D}"
EndProject
Project("{2150E333-8FDC-42A3-9474-1A3956D46DE8}") = "3 - Domain", "3 - Domain", "{A900FC0B-6D43-4573-8F9C-E5210C7D1592}"
EndProject
Project("{FAE04EC0-301F-11D3-BF4B-00C04F79EFBC}") = "CursoMVCAbril.Domain", "src\CursoMVCAbril.Domain\CursoMVCAbril.Domain.csproj", "{6AE19D34-2125-42B6-A103-AF040A34B9FD}"
EndProject
Global
	GlobalSection(SolutionConfigurationPlatforms) = preSolution
		Debug|Any CPU = Debug|Any CPU
		Release|Any CPU = Release|Any CPU
	EndGlobalSection
	GlobalSection(ProjectConfigurationPlatforms) = postSolution
		{A134ECE4-6DAA-43AD-99E1-1EC5A272FE4B}.Debug|Any CPU.ActiveCfg = Debug|Any CPU
		{A134ECE4-6DAA-43AD-99E1-1EC5A272FE4B}.Debug|Any CPU.Build.0 = Debug|Any CPU
		{A134ECE4-6DAA-43AD-99E1-1EC5A272FE4B}.Release|Any CPU.ActiveCfg = Release|Any CPU
		{A134ECE4-6DAA-43AD-99E1-1EC5A272FE4B}.Release|Any CPU.Build.0 = Release|Any CPU
		{FFDF9B2E-FE8B-4295-8ED3-100FA5B3756D}.Debug|Any CPU.ActiveCfg = Debug|Any CPU
		{FFDF9B2E-FE8B-4295-8ED3-100FA5B3756D}.Debug|Any CPU.Build.0 = Debug|Any CPU
		{FFDF9B2E-FE8B-4295-8ED3-100FA5B3756D}.Release|Any CPU.ActiveCfg = Release|Any CPU
		{FFDF9B2E-FE8B-4295-8ED3-100FA5B3756D}.Release|Any CPU.Build.0 = Release|Any CPU
		{6AE19D34-2125-42B6-A103-AF040A34B9FD}.Debug|Any CPU.ActiveCfg = Debug|Any CPU
		{6AE19D34-2125-42B6-A103-AF040A34B9FD}.Debug|Any CPU.Build.0 = Debug|Any CPU
		{6AE19D34-2125-42B6-A103-AF040A34B9FD}.Release|Any CPU.ActiveCfg = Release|Any CPU
		{6AE19D34-2125-42B6-A103-AF040A34B9FD}.Release|Any CPU.Build.0 = Release|Any CPU
	EndGlobalSection
	GlobalSection(SolutionProperties) = preSolution
		HideSolutionNode = FALSE
	EndGlobalSection
	GlobalSection(NestedProjects) = preSolution
		{A134ECE4-6DAA-43AD-99E1-1EC5A272FE4B} = {55BBFA57-E24F-40CA-9C1D-1C5A11DEC6D6}
		{93C0B2D4-39EA-4DDC-9465-B22790708352} = {B669B9B1-C666-4B55-BEAB-503D89CD6942}
		{607FD0FA-4B6C-4A18-9C1A-8A00895373AF} = {B669B9B1-C666-4B55-BEAB-503D89CD6942}
		{FFDF9B2E-FE8B-4295-8ED3-100FA5B3756D} = {93C0B2D4-39EA-4DDC-9465-B22790708352}
		{6AE19D34-2125-42B6-A103-AF040A34B9FD} = {A900FC0B-6D43-4573-8F9C-E5210C7D1592}
	EndGlobalSection
	GlobalSection(ExtensibilityGlobals) = postSolution
		SolutionGuid = {3441889A-8C88-4D08-BD25-B1BB3CAE663A}
	EndGlobalSection
EndGlobal
